uuid: fdbdb22a-8e35-49d6-b82a-b07cc90e0a22
langcode: en
status: true
dependencies:
  config:
    - field.storage.paragraph.field_display_block
    - paragraphs.paragraphs_type.judgement_body_tab
id: paragraph.judgement_body_tab.field_display_block
field_name: field_display_block
entity_type: paragraph
bundle: judgement_body_tab
label: 'Display Judgement Block?'
description: ''
required: false
translatable: false
default_value:
  -
    value: 0
default_value_callback: ''
settings:
  on_label: 'On'
  off_label: 'Off'
field_type: boolean
