uuid: 58798532-ccd5-4fda-98ce-3a19aea3ecd0
langcode: en
status: true
dependencies:
  module:
    - paragraphs
id: paragraph.field_display_block
field_name: field_display_block
entity_type: paragraph
type: boolean
settings: {  }
module: core
locked: false
cardinality: 1
translatable: true
indexes: {  }
persist_with_no_fields: false
custom_storage: false
